
Microsoft Visual Studio Solution File, Format Version 12.00
# Visual Studio Version 17
VisualStudioVersion = 17.3.32929.385
MinimumVisualStudioVersion = 10.0.40219.1
Project("{FAE04EC0-301F-11D3-BF4B-00C04F79EFBC}") = "Delegates HA", "Delegates HA\Delegates HA.csproj", "{1BF9DE2D-F852-401C-944A-9118094AB0F8}"
EndProject
Global
	GlobalSection(SolutionConfigurationPlatforms) = preSolution
		Debug|Any CPU = Debug|Any CPU
		Release|Any CPU = Release|Any CPU
	EndGlobalSection
	GlobalSection(ProjectConfigurationPlatforms) = postSolution
		{1BF9DE2D-F852-401C-944A-9118094AB0F8}.Debug|Any CPU.ActiveCfg = Debug|Any CPU
		{1BF9DE2D-F852-401C-944A-9118094AB0F8}.Debug|Any CPU.Build.0 = Debug|Any CPU
		{1BF9DE2D-F852-401C-944A-9118094AB0F8}.Release|Any CPU.ActiveCfg = Release|Any CPU
		{1BF9DE2D-F852-401C-944A-9118094AB0F8}.Release|Any CPU.Build.0 = Release|Any CPU
	EndGlobalSection
	GlobalSection(SolutionProperties) = preSolution
		HideSolutionNode = FALSE
	EndGlobalSection
	GlobalSection(ExtensibilityGlobals) = postSolution
		SolutionGuid = {1E61FC6F-08C5-4DC3-8A77-C0DD5F6E7423}
	EndGlobalSection
EndGlobal
